
Microsoft Visual Studio Solution File, Format Version 12.00
# Visual Studio Version 16
VisualStudioVersion = 16.0.29102.190
MinimumVisualStudioVersion = 10.0.40219.1
Project("{8BC9CEB8-8B4A-11D0-8D11-00A0C91BC942}") = "dojang_7.13.최솟값 표현하기", "dojang_7.13.최솟값 표현하기\dojang_7.13.최솟값 표현하기.vcxproj", "{D941D271-95F9-4246-9210-AB77BF9549F5}"
EndProject
Global
	GlobalSection(SolutionConfigurationPlatforms) = preSolution
		Debug|x64 = Debug|x64
		Debug|x86 = Debug|x86
		Release|x64 = Release|x64
		Release|x86 = Release|x86
	EndGlobalSection
	GlobalSection(ProjectConfigurationPlatforms) = postSolution
		{D941D271-95F9-4246-9210-AB77BF9549F5}.Debug|x64.ActiveCfg = Debug|x64
		{D941D271-95F9-4246-9210-AB77BF9549F5}.Debug|x64.Build.0 = Debug|x64
		{D941D271-95F9-4246-9210-AB77BF9549F5}.Debug|x86.ActiveCfg = Debug|Win32
		{D941D271-95F9-4246-9210-AB77BF9549F5}.Debug|x86.Build.0 = Debug|Win32
		{D941D271-95F9-4246-9210-AB77BF9549F5}.Release|x64.ActiveCfg = Release|x64
		{D941D271-95F9-4246-9210-AB77BF9549F5}.Release|x64.Build.0 = Release|x64
		{D941D271-95F9-4246-9210-AB77BF9549F5}.Release|x86.ActiveCfg = Release|Win32
		{D941D271-95F9-4246-9210-AB77BF9549F5}.Release|x86.Build.0 = Release|Win32
	EndGlobalSection
	GlobalSection(SolutionProperties) = preSolution
		HideSolutionNode = FALSE
	EndGlobalSection
	GlobalSection(ExtensibilityGlobals) = postSolution
		SolutionGuid = {CE8AF463-FD79-48C2-991D-9D4135D6C51C}
	EndGlobalSection
EndGlobal
